PODS:
  - boost (1.76.0)
  - BVLinearGradient (2.5.6):
    - React
  - CocoaAsyncSocket (7.6.5)
  - DoubleConversion (1.1.6)
  - EXConstants (11.0.2):
    - ExpoModulesCore
    - UMCore
  - EXFileSystem (11.1.3):
    - ExpoModulesCore
    - UMCore
  - EXImageLoader (2.2.0):
    - ExpoModulesCore
    - React-Core
    - UMCore
  - ExpoModulesCore (0.2.0):
    - ExpoModulesCore/Core (= 0.2.0)
    - ExpoModulesCore/Interfaces (= 0.2.0)
    - UMCore
  - ExpoModulesCore/Core (0.2.0):
    - UMCore
  - ExpoModulesCore/Interfaces (0.2.0):
    - ExpoModulesCore/Core
    - UMCore
  - EXSecureStore (11.1.0):
    - ExpoModulesCore
  - FBLazyVector (0.66.4)
  - FBReactNativeSpec (0.66.4):
    - RCT-Folly (= 2021.06.28.00-v2)
    - RCTRequired (= 0.66.4)
    - RCTTypeSafety (= 0.66.4)
    - React-Core (= 0.66.4)
    - React-jsi (= 0.66.4)
    - ReactCommon/turbomodule/core (= 0.66.4)
  - fmt (6.2.1)
  - glog (0.3.5)
  - libwebp (1.2.0):
    - libwebp/demux (= 1.2.0)
    - libwebp/mux (= 1.2.0)
    - libwebp/webp (= 1.2.0)
  - libwebp/demux (1.2.0):
    - libwebp/webp
  - libwebp/mux (1.2.0):
    - libwebp/demux
  - libwebp/webp (1.2.0)
  - RCT-Folly (2021.06.28.00-v2):
    - boost
    - DoubleConversion
    - fmt (~> 6.2.1)
    - glog
    - RCT-Folly/Default (= 2021.06.28.00-v2)
  - RCT-Folly/Default (2021.06.28.00-v2):
    - boost
    - DoubleConversion
    - fmt (~> 6.2.1)
    - glog
  - RCTRequired (0.66.4)
  - RCTTypeSafety (0.66.4):
    - FBLazyVector (= 0.66.4)
    - RCT-Folly (= 2021.06.28.00-v2)
    - RCTRequired (= 0.66.4)
    - React-Core (= 0.66.4)
  - React (0.66.4):
    - React-Core (= 0.66.4)
    - React-Core/DevSupport (= 0.66.4)
    - React-Core/RCTWebSocket (= 0.66.4)
    - React-RCTActionSheet (= 0.66.4)
    - React-RCTAnimation (= 0.66.4)
    - React-RCTBlob (= 0.66.4)
    - React-RCTImage (= 0.66.4)
    - React-RCTLinking (= 0.66.4)
    - React-RCTNetwork (= 0.66.4)
    - React-RCTSettings (= 0.66.4)
    - React-RCTText (= 0.66.4)
    - React-RCTVibration (= 0.66.4)
  - React-callinvoker (0.66.4)
  - React-Core (0.66.4):
    - glog
    - RCT-Folly (= 2021.06.28.00-v2)
    - React-Core/Default (= 0.66.4)
    - React-cxxreact (= 0.66.4)
    - React-jsi (= 0.66.4)
    - React-jsiexecutor (= 0.66.4)
    - React-perflogger (= 0.66.4)
    - Yoga
  - React-Core/CoreModulesHeaders (0.66.4):
    - glog
    - RCT-Folly (= 2021.06.28.00-v2)
    - React-Core/Default
    - React-cxxreact (= 0.66.4)
    - React-jsi (= 0.66.4)
    - React-jsiexecutor (= 0.66.4)
    - React-perflogger (= 0.66.4)
    - Yoga
  - React-Core/Default (0.66.4):
    - glog
    - RCT-Folly (= 2021.06.28.00-v2)
    - React-cxxreact (= 0.66.4)
    - React-jsi (= 0.66.4)
    - React-jsiexecutor (= 0.66.4)
    - React-perflogger (= 0.66.4)
    - Yoga
  - React-Core/DevSupport (0.66.4):
    - glog
    - RCT-Folly (= 2021.06.28.00-v2)
    - React-Core/Default (= 0.66.4)
    - React-Core/RCTWebSocket (= 0.66.4)
    - React-cxxreact (= 0.66.4)
    - React-jsi (= 0.66.4)
    - React-jsiexecutor (= 0.66.4)
    - React-jsinspector (= 0.66.4)
    - React-perflogger (= 0.66.4)
    - Yoga
  - React-Core/RCTActionSheetHeaders (0.66.4):
    - glog
    - RCT-Folly (= 2021.06.28.00-v2)
    - React-Core/Default
    - React-cxxreact (= 0.66.4)
    - React-jsi (= 0.66.4)
    - React-jsiexecutor (= 0.66.4)
    - React-perflogger (= 0.66.4)
    - Yoga
  - React-Core/RCTAnimationHeaders (0.66.4):
    - glog
    - RCT-Folly (= 2021.06.28.00-v2)
    - React-Core/Default
    - React-cxxreact (= 0.66.4)
    - React-jsi (= 0.66.4)
    - React-jsiexecutor (= 0.66.4)
    - React-perflogger (= 0.66.4)
    - Yoga
  - React-Core/RCTBlobHeaders (0.66.4):
    - glog
    - RCT-Folly (= 2021.06.28.00-v2)
    - React-Core/Default
    - React-cxxreact (= 0.66.4)
    - React-jsi (= 0.66.4)
    - React-jsiexecutor (= 0.66.4)
    - React-perflogger (= 0.66.4)
    - Yoga
  - React-Core/RCTImageHeaders (0.66.4):
    - glog
    - RCT-Folly (= 2021.06.28.00-v2)
    - React-Core/Default
    - React-cxxreact (= 0.66.4)
    - React-jsi (= 0.66.4)
    - React-jsiexecutor (= 0.66.4)
    - React-perflogger (= 0.66.4)
    - Yoga
  - React-Core/RCTLinkingHeaders (0.66.4):
    - glog
    - RCT-Folly (= 2021.06.28.00-v2)
    - React-Core/Default
    - React-cxxreact (= 0.66.4)
    - React-jsi (= 0.66.4)
    - React-jsiexecutor (= 0.66.4)
    - React-perflogger (= 0.66.4)
    - Yoga
  - React-Core/RCTNetworkHeaders (0.66.4):
    - glog
    - RCT-Folly (= 2021.06.28.00-v2)
    - React-Core/Default
    - React-cxxreact (= 0.66.4)
    - React-jsi (= 0.66.4)
    - React-jsiexecutor (= 0.66.4)
    - React-perflogger (= 0.66.4)
    - Yoga
  - React-Core/RCTSettingsHeaders (0.66.4):
    - glog
    - RCT-Folly (= 2021.06.28.00-v2)
    - React-Core/Default
    - React-cxxreact (= 0.66.4)
    - React-jsi (= 0.66.4)
    - React-jsiexecutor (= 0.66.4)
    - React-perflogger (= 0.66.4)
    - Yoga
  - React-Core/RCTTextHeaders (0.66.4):
    - glog
    - RCT-Folly (= 2021.06.28.00-v2)
    - React-Core/Default
    - React-cxxreact (= 0.66.4)
    - React-jsi (= 0.66.4)
    - React-jsiexecutor (= 0.66.4)
    - React-perflogger (= 0.66.4)
    - Yoga
  - React-Core/RCTVibrationHeaders (0.66.4):
    - glog
    - RCT-Folly (= 2021.06.28.00-v2)
    - React-Core/Default
    - React-cxxreact (= 0.66.4)
    - React-jsi (= 0.66.4)
    - React-jsiexecutor (= 0.66.4)
    - React-perflogger (= 0.66.4)
    - Yoga
  - React-Core/RCTWebSocket (0.66.4):
    - glog
    - RCT-Folly (= 2021.06.28.00-v2)
    - React-Core/Default (= 0.66.4)
    - React-cxxreact (= 0.66.4)
    - React-jsi (= 0.66.4)
    - React-jsiexecutor (= 0.66.4)
    - React-perflogger (= 0.66.4)
    - Yoga
  - React-CoreModules (0.66.4):
    - FBReactNativeSpec (= 0.66.4)
    - RCT-Folly (= 2021.06.28.00-v2)
    - RCTTypeSafety (= 0.66.4)
    - React-Core/CoreModulesHeaders (= 0.66.4)
    - React-jsi (= 0.66.4)
    - React-RCTImage (= 0.66.4)
    - ReactCommon/turbomodule/core (= 0.66.4)
  - React-cxxreact (0.66.4):
    - boost (= 1.76.0)
    - DoubleConversion
    - glog
    - RCT-Folly (= 2021.06.28.00-v2)
    - React-callinvoker (= 0.66.4)
    - React-jsi (= 0.66.4)
    - React-jsinspector (= 0.66.4)
    - React-logger (= 0.66.4)
    - React-perflogger (= 0.66.4)
    - React-runtimeexecutor (= 0.66.4)
  - React-jsi (0.66.4):
    - boost (= 1.76.0)
    - DoubleConversion
    - glog
    - RCT-Folly (= 2021.06.28.00-v2)
    - React-jsi/Default (= 0.66.4)
  - React-jsi/Default (0.66.4):
    - boost (= 1.76.0)
    - DoubleConversion
    - glog
    - RCT-Folly (= 2021.06.28.00-v2)
  - React-jsiexecutor (0.66.4):
    - DoubleConversion
    - glog
    - RCT-Folly (= 2021.06.28.00-v2)
    - React-cxxreact (= 0.66.4)
    - React-jsi (= 0.66.4)
    - React-perflogger (= 0.66.4)
  - React-jsinspector (0.66.4)
  - React-logger (0.66.4):
    - glog
  - react-native-blur (0.8.0):
    - React
  - react-native-camera (4.2.1):
    - React-Core
    - react-native-camera/RCT (= 4.2.1)
    - react-native-camera/RN (= 4.2.1)
  - react-native-camera/RCT (4.2.1):
    - React-Core
  - react-native-camera/RN (4.2.1):
    - React-Core
  - react-native-cameraroll (4.1.2):
    - React-Core
  - react-native-config (1.4.5):
    - react-native-config/App (= 1.4.5)
  - react-native-config/App (1.4.5):
    - React-Core
  - react-native-get-random-values (1.7.2):
    - React-Core
  - react-native-image-editor (2.3.0):
    - React
    - React-RCTImage
  - react-native-randombytes (3.6.1):
    - React-Core
  - react-native-safe-area-context (3.3.2):
    - React-Core
  - react-native-udp (4.1.3):
    - CocoaAsyncSocket
    - React-Core
  - React-perflogger (0.66.4)
  - React-RCTActionSheet (0.66.4):
    - React-Core/RCTActionSheetHeaders (= 0.66.4)
  - React-RCTAnimation (0.66.4):
    - FBReactNativeSpec (= 0.66.4)
    - RCT-Folly (= 2021.06.28.00-v2)
    - RCTTypeSafety (= 0.66.4)
    - React-Core/RCTAnimationHeaders (= 0.66.4)
    - React-jsi (= 0.66.4)
    - ReactCommon/turbomodule/core (= 0.66.4)
  - React-RCTBlob (0.66.4):
    - FBReactNativeSpec (= 0.66.4)
    - RCT-Folly (= 2021.06.28.00-v2)
    - React-Core/RCTBlobHeaders (= 0.66.4)
    - React-Core/RCTWebSocket (= 0.66.4)
    - React-jsi (= 0.66.4)
    - React-RCTNetwork (= 0.66.4)
    - ReactCommon/turbomodule/core (= 0.66.4)
  - React-RCTImage (0.66.4):
    - FBReactNativeSpec (= 0.66.4)
    - RCT-Folly (= 2021.06.28.00-v2)
    - RCTTypeSafety (= 0.66.4)
    - React-Core/RCTImageHeaders (= 0.66.4)
    - React-jsi (= 0.66.4)
    - React-RCTNetwork (= 0.66.4)
    - ReactCommon/turbomodule/core (= 0.66.4)
  - React-RCTLinking (0.66.4):
    - FBReactNativeSpec (= 0.66.4)
    - React-Core/RCTLinkingHeaders (= 0.66.4)
    - React-jsi (= 0.66.4)
    - ReactCommon/turbomodule/core (= 0.66.4)
  - React-RCTNetwork (0.66.4):
    - FBReactNativeSpec (= 0.66.4)
    - RCT-Folly (= 2021.06.28.00-v2)
    - RCTTypeSafety (= 0.66.4)
    - React-Core/RCTNetworkHeaders (= 0.66.4)
    - React-jsi (= 0.66.4)
    - ReactCommon/turbomodule/core (= 0.66.4)
  - React-RCTSettings (0.66.4):
    - FBReactNativeSpec (= 0.66.4)
    - RCT-Folly (= 2021.06.28.00-v2)
    - RCTTypeSafety (= 0.66.4)
    - React-Core/RCTSettingsHeaders (= 0.66.4)
    - React-jsi (= 0.66.4)
    - ReactCommon/turbomodule/core (= 0.66.4)
  - React-RCTText (0.66.4):
    - React-Core/RCTTextHeaders (= 0.66.4)
  - React-RCTVibration (0.66.4):
    - FBReactNativeSpec (= 0.66.4)
    - RCT-Folly (= 2021.06.28.00-v2)
    - React-Core/RCTVibrationHeaders (= 0.66.4)
    - React-jsi (= 0.66.4)
    - ReactCommon/turbomodule/core (= 0.66.4)
  - React-runtimeexecutor (0.66.4):
    - React-jsi (= 0.66.4)
  - ReactCommon/turbomodule/core (0.66.4):
    - DoubleConversion
    - glog
    - RCT-Folly (= 2021.06.28.00-v2)
    - React-callinvoker (= 0.66.4)
    - React-Core (= 0.66.4)
    - React-cxxreact (= 0.66.4)
    - React-jsi (= 0.66.4)
    - React-logger (= 0.66.4)
    - React-perflogger (= 0.66.4)
  - RNCMaskedView (0.1.11):
    - React
  - RNDeviceInfo (8.4.8):
    - React-Core
  - RNFastImage (8.5.11):
    - React-Core
    - SDWebImage (~> 5.11.1)
    - SDWebImageWebPCoder (~> 0.8.4)
  - RNGestureHandler (2.1.0):
    - React-Core
  - RNOS (1.2.6):
    - React
  - RNReanimated (2.3.1):
    - DoubleConversion
    - FBLazyVector
    - FBReactNativeSpec
    - glog
    - RCT-Folly
    - RCTRequired
    - RCTTypeSafety
    - React
    - React-callinvoker
    - React-Core
    - React-Core/DevSupport
    - React-Core/RCTWebSocket
    - React-CoreModules
    - React-cxxreact
    - React-jsi
    - React-jsiexecutor
    - React-jsinspector
    - React-RCTActionSheet
    - React-RCTAnimation
    - React-RCTBlob
    - React-RCTImage
    - React-RCTLinking
    - React-RCTNetwork
    - React-RCTSettings
    - React-RCTText
    - ReactCommon/turbomodule/core
    - Yoga
  - RNScreens (3.10.1):
    - React-Core
    - React-RCTImage
  - RNSVG (12.1.1):
    - React
  - RNVectorIcons (9.0.0):
    - React-Core
  - SDWebImage (5.11.1):
    - SDWebImage/Core (= 5.11.1)
  - SDWebImage/Core (5.11.1)
  - SDWebImageWebPCoder (0.8.4):
    - libwebp (~> 1.0)
    - SDWebImage/Core (~> 5.10)
  - TcpSockets (4.0.0):
    - React
  - UMAppLoader (2.2.0)
  - UMCore (7.1.2)
  - UMReactNativeAdapter (6.3.9):
    - ExpoModulesCore
    - React-Core
    - UMCore
  - UMTaskManagerInterface (6.2.0):
    - UMCore
  - Yoga (1.14.0)

DEPENDENCIES:
  - boost (from `../node_modules/react-native/third-party-podspecs/boost.podspec`)
  - BVLinearGradient (from `../node_modules/react-native-linear-gradient`)
  - DoubleConversion (from `../node_modules/react-native/third-party-podspecs/DoubleConversion.podspec`)
  - EXConstants (from `../node_modules/expo-constants/ios`)
  - EXFileSystem (from `../node_modules/expo-file-system/ios`)
  - EXImageLoader (from `../node_modules/expo-image-loader/ios`)
  - ExpoModulesCore (from `../node_modules/expo-modules-core/ios`)
  - EXSecureStore (from `../node_modules/expo-secure-store/ios`)
  - FBLazyVector (from `../node_modules/react-native/Libraries/FBLazyVector`)
  - FBReactNativeSpec (from `../node_modules/react-native/React/FBReactNativeSpec`)
  - glog (from `../node_modules/react-native/third-party-podspecs/glog.podspec`)
  - RCT-Folly (from `../node_modules/react-native/third-party-podspecs/RCT-Folly.podspec`)
  - RCTRequired (from `../node_modules/react-native/Libraries/RCTRequired`)
  - RCTTypeSafety (from `../node_modules/react-native/Libraries/TypeSafety`)
  - React (from `../node_modules/react-native/`)
  - React-callinvoker (from `../node_modules/react-native/ReactCommon/callinvoker`)
  - React-Core (from `../node_modules/react-native/`)
  - React-Core/DevSupport (from `../node_modules/react-native/`)
  - React-Core/RCTWebSocket (from `../node_modules/react-native/`)
  - React-CoreModules (from `../node_modules/react-native/React/CoreModules`)
  - React-cxxreact (from `../node_modules/react-native/ReactCommon/cxxreact`)
  - React-jsi (from `../node_modules/react-native/ReactCommon/jsi`)
  - React-jsiexecutor (from `../node_modules/react-native/ReactCommon/jsiexecutor`)
  - React-jsinspector (from `../node_modules/react-native/ReactCommon/jsinspector`)
  - React-logger (from `../node_modules/react-native/ReactCommon/logger`)
  - "react-native-blur (from `../node_modules/@react-native-community/blur`)"
  - react-native-camera (from `../node_modules/react-native-camera`)
  - "react-native-cameraroll (from `../node_modules/@react-native-community/cameraroll`)"
  - react-native-config (from `../node_modules/react-native-config`)
  - react-native-get-random-values (from `../node_modules/react-native-get-random-values`)
  - "react-native-image-editor (from `../node_modules/@react-native-community/image-editor`)"
  - react-native-randombytes (from `../node_modules/react-native-randombytes`)
  - react-native-safe-area-context (from `../node_modules/react-native-safe-area-context`)
  - react-native-udp (from `../node_modules/react-native-udp`)
  - React-perflogger (from `../node_modules/react-native/ReactCommon/reactperflogger`)
  - React-RCTActionSheet (from `../node_modules/react-native/Libraries/ActionSheetIOS`)
  - React-RCTAnimation (from `../node_modules/react-native/Libraries/NativeAnimation`)
  - React-RCTBlob (from `../node_modules/react-native/Libraries/Blob`)
  - React-RCTImage (from `../node_modules/react-native/Libraries/Image`)
  - React-RCTLinking (from `../node_modules/react-native/Libraries/LinkingIOS`)
  - React-RCTNetwork (from `../node_modules/react-native/Libraries/Network`)
  - React-RCTSettings (from `../node_modules/react-native/Libraries/Settings`)
  - React-RCTText (from `../node_modules/react-native/Libraries/Text`)
  - React-RCTVibration (from `../node_modules/react-native/Libraries/Vibration`)
  - React-runtimeexecutor (from `../node_modules/react-native/ReactCommon/runtimeexecutor`)
  - ReactCommon/turbomodule/core (from `../node_modules/react-native/ReactCommon`)
  - "RNCMaskedView (from `../node_modules/@react-native-community/masked-view`)"
  - RNDeviceInfo (from `../node_modules/react-native-device-info`)
  - RNFastImage (from `../node_modules/react-native-fast-image`)
  - RNGestureHandler (from `../node_modules/react-native-gesture-handler`)
  - RNOS (from `../node_modules/react-native-os`)
  - RNReanimated (from `../node_modules/react-native-reanimated`)
  - RNScreens (from `../node_modules/react-native-screens`)
  - RNSVG (from `../node_modules/react-native-svg`)
  - RNVectorIcons (from `../node_modules/react-native-vector-icons`)
  - TcpSockets (from `../node_modules/react-native-tcp`)
  - UMAppLoader (from `../node_modules/unimodules-app-loader/ios`)
  - "UMCore (from `../node_modules/@unimodules/core/ios`)"
  - "UMReactNativeAdapter (from `../node_modules/@unimodules/react-native-adapter/ios`)"
  - UMTaskManagerInterface (from `../node_modules/unimodules-task-manager-interface/ios`)
  - Yoga (from `../node_modules/react-native/ReactCommon/yoga`)

SPEC REPOS:
  trunk:
    - CocoaAsyncSocket
    - fmt
    - libwebp
    - SDWebImage
    - SDWebImageWebPCoder

EXTERNAL SOURCES:
  boost:
    :podspec: "../node_modules/react-native/third-party-podspecs/boost.podspec"
  BVLinearGradient:
    :path: "../node_modules/react-native-linear-gradient"
  DoubleConversion:
    :podspec: "../node_modules/react-native/third-party-podspecs/DoubleConversion.podspec"
  EXConstants:
    :path: "../node_modules/expo-constants/ios"
  EXFileSystem:
    :path: "../node_modules/expo-file-system/ios"
  EXImageLoader:
    :path: "../node_modules/expo-image-loader/ios"
  ExpoModulesCore:
    :path: "../node_modules/expo-modules-core/ios"
  EXSecureStore:
    :path: "../node_modules/expo-secure-store/ios"
  FBLazyVector:
    :path: "../node_modules/react-native/Libraries/FBLazyVector"
  FBReactNativeSpec:
    :path: "../node_modules/react-native/React/FBReactNativeSpec"
  glog:
    :podspec: "../node_modules/react-native/third-party-podspecs/glog.podspec"
  RCT-Folly:
    :podspec: "../node_modules/react-native/third-party-podspecs/RCT-Folly.podspec"
  RCTRequired:
    :path: "../node_modules/react-native/Libraries/RCTRequired"
  RCTTypeSafety:
    :path: "../node_modules/react-native/Libraries/TypeSafety"
  React:
    :path: "../node_modules/react-native/"
  React-callinvoker:
    :path: "../node_modules/react-native/ReactCommon/callinvoker"
  React-Core:
    :path: "../node_modules/react-native/"
  React-CoreModules:
    :path: "../node_modules/react-native/React/CoreModules"
  React-cxxreact:
    :path: "../node_modules/react-native/ReactCommon/cxxreact"
  React-jsi:
    :path: "../node_modules/react-native/ReactCommon/jsi"
  React-jsiexecutor:
    :path: "../node_modules/react-native/ReactCommon/jsiexecutor"
  React-jsinspector:
    :path: "../node_modules/react-native/ReactCommon/jsinspector"
  React-logger:
    :path: "../node_modules/react-native/ReactCommon/logger"
  react-native-blur:
    :path: "../node_modules/@react-native-community/blur"
  react-native-camera:
    :path: "../node_modules/react-native-camera"
  react-native-cameraroll:
    :path: "../node_modules/@react-native-community/cameraroll"
  react-native-config:
    :path: "../node_modules/react-native-config"
  react-native-get-random-values:
    :path: "../node_modules/react-native-get-random-values"
  react-native-image-editor:
    :path: "../node_modules/@react-native-community/image-editor"
  react-native-randombytes:
    :path: "../node_modules/react-native-randombytes"
  react-native-safe-area-context:
    :path: "../node_modules/react-native-safe-area-context"
  react-native-udp:
    :path: "../node_modules/react-native-udp"
  React-perflogger:
    :path: "../node_modules/react-native/ReactCommon/reactperflogger"
  React-RCTActionSheet:
    :path: "../node_modules/react-native/Libraries/ActionSheetIOS"
  React-RCTAnimation:
    :path: "../node_modules/react-native/Libraries/NativeAnimation"
  React-RCTBlob:
    :path: "../node_modules/react-native/Libraries/Blob"
  React-RCTImage:
    :path: "../node_modules/react-native/Libraries/Image"
  React-RCTLinking:
    :path: "../node_modules/react-native/Libraries/LinkingIOS"
  React-RCTNetwork:
    :path: "../node_modules/react-native/Libraries/Network"
  React-RCTSettings:
    :path: "../node_modules/react-native/Libraries/Settings"
  React-RCTText:
    :path: "../node_modules/react-native/Libraries/Text"
  React-RCTVibration:
    :path: "../node_modules/react-native/Libraries/Vibration"
  React-runtimeexecutor:
    :path: "../node_modules/react-native/ReactCommon/runtimeexecutor"
  ReactCommon:
    :path: "../node_modules/react-native/ReactCommon"
  RNCMaskedView:
    :path: "../node_modules/@react-native-community/masked-view"
  RNDeviceInfo:
    :path: "../node_modules/react-native-device-info"
  RNFastImage:
    :path: "../node_modules/react-native-fast-image"
  RNGestureHandler:
    :path: "../node_modules/react-native-gesture-handler"
  RNOS:
    :path: "../node_modules/react-native-os"
  RNReanimated:
    :path: "../node_modules/react-native-reanimated"
  RNScreens:
    :path: "../node_modules/react-native-screens"
  RNSVG:
    :path: "../node_modules/react-native-svg"
  RNVectorIcons:
    :path: "../node_modules/react-native-vector-icons"
  TcpSockets:
    :path: "../node_modules/react-native-tcp"
  UMAppLoader:
    :path: "../node_modules/unimodules-app-loader/ios"
  UMCore:
    :path: "../node_modules/@unimodules/core/ios"
  UMReactNativeAdapter:
    :path: "../node_modules/@unimodules/react-native-adapter/ios"
  UMTaskManagerInterface:
    :path: "../node_modules/unimodules-task-manager-interface/ios"
  Yoga:
    :path: "../node_modules/react-native/ReactCommon/yoga"

SPEC CHECKSUMS:
  boost: a7c83b31436843459a1961bfd74b96033dc77234
  BVLinearGradient: e3aad03778a456d77928f594a649e96995f1c872
  CocoaAsyncSocket: 065fd1e645c7abab64f7a6a2007a48038fdc6a99
  DoubleConversion: cde416483dac037923206447da6e1454df403714
  EXConstants: 4cb52b6d8f636c767104a44bf7db3873e9c01a6f
  EXFileSystem: 0a04aba8da751b9ac954065911bcf166503f8267
  EXImageLoader: d3531a3fe530b22925c19977cb53bb43e3821fe6
  ExpoModulesCore: 2734852616127a6c1fc23012197890a6f3763dc7
  EXSecureStore: fa0fdde1c81ceee2a3cb0519e649feae42767969
  FBLazyVector: e5569e42a1c79ca00521846c223173a57aca1fe1
  FBReactNativeSpec: fe08c1cd7e2e205718d77ad14b34957cce949b58
  fmt: ff9d55029c625d3757ed641535fd4a75fedc7ce9
  glog: 40a13f7840415b9a77023fbcae0f1e6f43192af3
  libwebp: e90b9c01d99205d03b6bb8f2c8c415e5a4ef66f0
  RCT-Folly: a21c126816d8025b547704b777a2ba552f3d9fa9
  RCTRequired: 4bf86c70714490bca4bf2696148638284622644b
  RCTTypeSafety: c475a7059eb77935fa53d2c17db299893f057d5d
  React: f64af14e3f2c50f6f2c91a5fd250e4ff1b3c3459
  React-callinvoker: b74e4ae80287780dcdf0cab262bcb581eeef56e7
  React-Core: 3eb7432bad96ff1d25aebc1defbae013fee2fd0e
  React-CoreModules: ad9e1fd5650e16666c57a08328df86fd7e480cb9
  React-cxxreact: 02633ff398cf7e91a2c1e12590d323c4a4b8668a
  React-jsi: 805c41a927d6499fb811772acb971467d9204633
  React-jsiexecutor: 94ce921e1d8ce7023366873ec371f3441383b396
  React-jsinspector: d0374f7509d407d2264168b6d0fad0b54e300b85
  React-logger: 933f80c97c633ee8965d609876848148e3fef438
  react-native-blur: cad4d93b364f91e7b7931b3fa935455487e5c33c
  react-native-camera: 3eae183c1d111103963f3dd913b65d01aef8110f
  react-native-cameraroll: 2957f2bce63ae896a848fbe0d5352c1bd4d20866
  react-native-config: 6502b1879f97ed5ac570a029961fc35ea606cd14
  react-native-get-random-values: 30b3f74ca34e30e2e480de48e4add2706a40ac8f
  react-native-image-editor: 9361a215c3991cafbe5e7f28cbbad6e72c9c2705
  react-native-randombytes: 421f1c7d48c0af8dbcd471b0324393ebf8fe7846
  react-native-safe-area-context: 584dc04881deb49474363f3be89e4ca0e854c057
  react-native-udp: f0fbf5386c45af5523dc143a86afe2cbf29f764e
  React-perflogger: 93075d8931c32cd1fce8a98c15d2d5ccc4d891bd
  React-RCTActionSheet: 7d3041e6761b4f3044a37079ddcb156575fb6d89
  React-RCTAnimation: 743e88b55ac62511ae5c2e22803d4f503f2a3a13
  React-RCTBlob: bee3a2f98fa7fc25c957c8643494244f74bea0a0
  React-RCTImage: 19fc9e29b06cc38611c553494f8d3040bf78c24e
  React-RCTLinking: dc799503979c8c711126d66328e7ce8f25c2848f
  React-RCTNetwork: 417e4e34cf3c19eaa5fd4e9eb20180d662a799ce
  React-RCTSettings: 4df89417265af26501a7e0e9192a34d3d9848dff
  React-RCTText: f8a21c3499ab322326290fa9b701ae29aa093aa5
  React-RCTVibration: e3ffca672dd3772536cb844274094b0e2c31b187
  React-runtimeexecutor: dec32ee6f2e2a26e13e58152271535fadff5455a
  ReactCommon: 57b69f6383eafcbd7da625bfa6003810332313c4
  RNCMaskedView: 0e1bc4bfa8365eba5fbbb71e07fbdc0555249489
  RNDeviceInfo: 0400a6d0c94186d1120c3cbd97b23abc022187a9
  RNFastImage: 1f2cab428712a4baaf78d6169eaec7f622556dd7
  RNGestureHandler: e5c7cab5f214503dcefd6b2b0cefb050e1f51c4a
  RNOS: 6f2f9a70895bbbfbdad7196abd952e7b01d45027
  RNReanimated: da3860204e5660c0dd66739936732197d359d753
  RNScreens: 522705f2e5c9d27efb17f24aceb2bf8335bc7b8e
  RNSVG: 551acb6562324b1d52a4e0758f7ca0ec234e278f
  RNVectorIcons: 4143ba35feebab8fdbe6bc43d1e776b393d47ac8
  SDWebImage: a7f831e1a65eb5e285e3fb046a23fcfbf08e696d
  SDWebImageWebPCoder: f93010f3f6c031e2f8fb3081ca4ee6966c539815
  TcpSockets: 4ef55305239923b343ed0a378b1fac188b1373b0
  UMAppLoader: 21af63390e55c82e037fb9752d93114a80ecf16e
  UMCore: ce3a4faa010239063b8343895b29a6d97b01069d
  UMReactNativeAdapter: d03cefd0e4e4179ab8c490408589f1c8a6c8b785
  UMTaskManagerInterface: 2be431101b73604e64fbfffcf759336f9d8fccbb
  Yoga: e7dc4e71caba6472ff48ad7d234389b91dadc280

PODFILE CHECKSUM: 36ad73bdb44c32f07d8d25576049d5a078926f4d

COCOAPODS: 1.11.2
